Microsoft Visual Studio Solution File, Format Version 12.00
# Visual Studio 2012
Project("{FAE04EC0-301F-11D3-BF4B-00C04F79EFBC}") = "Fling And Fight", "Fling And Fight.csproj", "{020D6FFA-6E9F-476B-9986-6A6815DFB749}"
EndProject
Global
	GlobalSection(SolutionConfigurationPlatforms) = preSolution
	Debug|Any CPU = Debug|Any CPU
	ExportDebug|Any CPU = ExportDebug|Any CPU
	ExportRelease|Any CPU = ExportRelease|Any CPU
	EndGlobalSection
	GlobalSection(ProjectConfigurationPlatforms) = postSolution
		{020D6FFA-6E9F-476B-9986-6A6815DFB749}.Debug|Any CPU.ActiveCfg = Debug|Any CPU
		{020D6FFA-6E9F-476B-9986-6A6815DFB749}.Debug|Any CPU.Build.0 = Debug|Any CPU
		{020D6FFA-6E9F-476B-9986-6A6815DFB749}.ExportDebug|Any CPU.ActiveCfg = ExportDebug|Any CPU
		{020D6FFA-6E9F-476B-9986-6A6815DFB749}.ExportDebug|Any CPU.Build.0 = ExportDebug|Any CPU
		{020D6FFA-6E9F-476B-9986-6A6815DFB749}.ExportRelease|Any CPU.ActiveCfg = ExportRelease|Any CPU
		{020D6FFA-6E9F-476B-9986-6A6815DFB749}.ExportRelease|Any CPU.Build.0 = ExportRelease|Any CPU
	EndGlobalSection
EndGlobal
